
Microsoft Visual Studio Solution File, Format Version 12.00
# Visual Studio Version 17
VisualStudioVersion = 17.0.31912.275
MinimumVisualStudioVersion = 10.0.40219.1
Project("{FAE04EC0-301F-11D3-BF4B-00C04F79EFBC}") = "Cab_Invoice_Generator", "Cab_Invoice_Generator.csproj", "{B41A2359-6CA6-4457-88B6-62DA0D81345E}"
EndProject
Global
	GlobalSection(SolutionConfigurationPlatforms) = preSolution
		Debug|Any CPU = Debug|Any CPU
		Release|Any CPU = Release|Any CPU
	EndGlobalSection
	GlobalSection(ProjectConfigurationPlatforms) = postSolution
		{B41A2359-6CA6-4457-88B6-62DA0D81345E}.Debug|Any CPU.ActiveCfg = Debug|Any CPU
		{B41A2359-6CA6-4457-88B6-62DA0D81345E}.Debug|Any CPU.Build.0 = Debug|Any CPU
		{B41A2359-6CA6-4457-88B6-62DA0D81345E}.Release|Any CPU.ActiveCfg = Release|Any CPU
		{B41A2359-6CA6-4457-88B6-62DA0D81345E}.Release|Any CPU.Build.0 = Release|Any CPU
	EndGlobalSection
	GlobalSection(SolutionProperties) = preSolution
		HideSolutionNode = FALSE
	EndGlobalSection
	GlobalSection(ExtensibilityGlobals) = postSolution
		SolutionGuid = {8A25F6F8-EBB2-4EEB-999A-781A16EE8528}
	EndGlobalSection
EndGlobal
